{
  "name": "ai-observatory",
  "lockfileVersion": 3,
  "requires": true,
  "packages": {
    "": {
      "name": "ai-observatory",
      "dependencies": {
        "@spacefast/zero": "0.0.24",
        "preact": "10.29.7"
      },
      "devDependencies": {
        "typescript": "^6.0.3"
      }
    },
    "node_modules/@spacefast/common": {
      "version": "0.0.24",
      "resolved": "https://registry.npmjs.org/@spacefast/common/-/common-0.0.24.tgz",
      "integrity": "sha512-/+42Fx/PETba2V6MmwywTpgYfhXoh+U07UH5pkCeX6Zu51a6NieljbhQBvovFGyKsqPSk9RLxa5njzTNqUEbPw==",
      "license": "MIT",
      "dependencies": {
        "@tanstack/react-query": "^5.101.4",
        "culori": "^4.0.2",
        "js-yaml": "^4.1.1",
        "mime": "^4.1.0",
        "parse5": "^7.3.0",
        "smol-toml": "^1.7.0",
        "zod": "^4.4.3"
      },
      "engines": {
        "bun": "^1.3.11",
        "node": ">=20"
      }
    },
    "node_modules/@spacefast/zero": {
      "version": "0.0.24",
      "resolved": "https://registry.npmjs.org/@spacefast/zero/-/zero-0.0.24.tgz",
      "integrity": "sha512-AxxyGkMfllhaIHffJuYUOo+hLWoRF0lZeMCVnzGfvkWf1xncIXukkyvYWiFzMzTLtA1dzXEAkdzOUJQO6XumoA==",
      "license": "MIT",
      "dependencies": {
        "@spacefast/common": "0.0.24",
        "lucide-preact": "^0.575.0",
        "preact": "^10.29.7"
      },
      "engines": {
        "bun": "^1.3.11",
        "node": ">=20"
      }
    },
    "node_modules/@tanstack/query-core": {
      "version": "5.102.8",
      "resolved": "https://registry.npmjs.org/@tanstack/query-core/-/query-core-5.102.8.tgz",
      "integrity": "sha512-ZNjkJ33CqvPNec/6lZBnHqLc3EVGPZ9ySLhYahU9TcuRFdmwXewuj0c4hwSWcGHqEUwcSrKeZ+oGcvPBqXcQcg==",
      "license": "MIT",
      "funding": {
        "type": "github",
        "url": "https://github.com/sponsors/tannerlinsley"
      }
    },
    "node_modules/@tanstack/react-query": {
      "version": "5.102.8",
      "resolved": "https://registry.npmjs.org/@tanstack/react-query/-/react-query-5.102.8.tgz",
      "integrity": "sha512-TYBea4OuXWD7MhaSHq069TWbFe7rcwWN6kzT7JF0OKi1K6c1gTv2IzD6A6ExJsCMozdkqBWeuIUZmu4KQg0O5A==",
      "license": "MIT",
      "dependencies": {
        "@tanstack/query-core": "5.102.8"
      },
      "funding": {
        "type": "github",
        "url": "https://github.com/sponsors/tannerlinsley"
      },
      "peerDependencies": {
        "react": "^18 || ^19"
      }
    },
    "node_modules/argparse": {
      "version": "2.0.1",
      "resolved": "https://registry.npmjs.org/argparse/-/argparse-2.0.1.tgz",
      "integrity": "sha512-8+9WqebbFzpX9OR+Wa6O29asIogeRMzcGtAINdpMHHyAg10f05aSFVBbcEqGf/PXw1EjAZ+q2/bEBg3DvurK3Q==",
      "license": "Python-2.0"
    },
    "node_modules/culori": {
      "version": "4.0.2",
      "resolved": "https://registry.npmjs.org/culori/-/culori-4.0.2.tgz",
      "integrity": "sha512-1+BhOB8ahCn4O0cep0Sh2l9KCOfOdY+BXJnKMHFFzDEouSr/el18QwXEMRlOj9UY5nCeA8UN3a/82rUWRBeyBw==",
      "license": "MIT",
      "engines": {
        "node": "^12.20.0 || ^14.13.1 || >=16.0.0"
      }
    },
    "node_modules/entities": {
      "version": "6.0.1",
      "resolved": "https://registry.npmjs.org/entities/-/entities-6.0.1.tgz",
      "integrity": "sha512-aN97NXWF6AWBTahfVOIrB/NShkzi5H7F9r1s9mD3cDj4Ko5f2qhhVoYMibXF7GlLveb/D2ioWay8lxI97Ven3g==",
      "license": "BSD-2-Clause",
      "engines": {
        "node": ">=0.12"
      },
      "funding": {
        "url": "https://github.com/fb55/entities?sponsor=1"
      }
    },
    "node_modules/js-yaml": {
      "version": "4.3.2",
      "resolved": "https://registry.npmjs.org/js-yaml/-/js-yaml-4.3.2.tgz",
      "integrity": "sha512-SFNOvSJ+Dgf/9An904Yx+CgSlIPCkIpao4qo51lpee25TIRejdH3rhR4EZMGoNx3/TP3O+wzWuiTFl4sqbltzA==",
      "funding": [
        {
          "type": "github",
          "url": "https://github.com/sponsors/puzrin"
        },
        {
          "type": "github",
          "url": "https://github.com/sponsors/nodeca"
        }
      ],
      "license": "MIT",
      "dependencies": {
        "argparse": "^2.0.1"
      },
      "bin": {
        "js-yaml": "bin/js-yaml.js"
      }
    },
    "node_modules/lucide-preact": {
      "version": "0.575.0",
      "resolved": "https://registry.npmjs.org/lucide-preact/-/lucide-preact-0.575.0.tgz",
      "integrity": "sha512-W8JZyQEkYv6DlbRrEgmZxVWFKL3zjoyEkFOOSxiX2VEU6Gou8cOqXZ5IAGmqAL4KiPx1tWgGT9awNjAH7MFknw==",
      "license": "ISC",
      "peerDependencies": {
        "preact": "^10.27.2"
      }
    },
    "node_modules/mime": {
      "version": "4.1.0",
      "resolved": "https://registry.npmjs.org/mime/-/mime-4.1.0.tgz",
      "integrity": "sha512-X5ju04+cAzsojXKes0B/S4tcYtFAJ6tTMuSPBEn9CPGlrWr8Fiw7qYeLT0XyH80HSoAoqWCaz+MWKh22P7G1cw==",
      "funding": [
        "https://github.com/sponsors/broofa"
      ],
      "license": "MIT",
      "bin": {
        "mime": "bin/cli.js"
      },
      "engines": {
        "node": ">=16"
      }
    },
    "node_modules/parse5": {
      "version": "7.3.0",
      "resolved": "https://registry.npmjs.org/parse5/-/parse5-7.3.0.tgz",
      "integrity": "sha512-IInvU7fabl34qmi9gY8XOVxhYyMyuH2xUNpb2q8/Y+7552KlejkRvqvD19nMoUW/uQGGbqNpA6Tufu5FL5BZgw==",
      "license": "MIT",
      "dependencies": {
        "entities": "^6.0.0"
      },
      "funding": {
        "url": "https://github.com/inikulin/parse5?sponsor=1"
      }
    },
    "node_modules/preact": {
      "version": "10.29.7",
      "resolved": "https://registry.npmjs.org/preact/-/preact-10.29.7.tgz",
      "integrity": "sha512-DCHYrK/B10yUD3ZjLfhZ3WIE/9Vf9VFUODcRE2dRomTYDpJk6z6L9wecSfhfE6M9ZTHUdyQkoC46arIDhEV84Q==",
      "license": "MIT",
      "funding": {
        "type": "opencollective",
        "url": "https://opencollective.com/preact"
      },
      "peerDependencies": {
        "preact-render-to-string": ">=5"
      },
      "peerDependenciesMeta": {
        "preact-render-to-string": {
          "optional": true
        }
      }
    },
    "node_modules/react": {
      "version": "19.3.0",
      "resolved": "https://registry.npmjs.org/react/-/react-19.3.0.tgz",
      "integrity": "sha512-E8LUcbtBWt20bbl2YoHfx4ZDBdxVTfOKtCZn9cDSJ4l6/nuoApcpIBcj47t2wZoVX8g2ZHuMHbiShgCR1T5Sog==",
      "license": "MIT",
      "peer": true,
      "engines": {
        "node": ">=0.10.0"
      }
    },
    "node_modules/smol-toml": {
      "version": "1.8.0",
      "resolved": "https://registry.npmjs.org/smol-toml/-/smol-toml-1.8.0.tgz",
      "integrity": "sha512-kCZr2V3ch9i00x8zXRhjUNVcjG9ijES5dDudkXvUVCT5QlJNQWElSJdZqyPemffHoLNUYwOcou0Fy+ojN0uHSQ==",
      "license": "BSD-3-Clause",
      "engines": {
        "node": ">= 18"
      },
      "funding": {
        "url": "https://github.com/sponsors/cyyynthia"
      }
    },
    "node_modules/typescript": {
      "version": "6.0.3",
      "resolved": "https://registry.npmjs.org/typescript/-/typescript-6.0.3.tgz",
      "integrity": "sha512-y2TvuxSZPDyQakkFRPZHKFm+KKVqIisdg9/CZwm9ftvKXLP8NRWj38/ODjNbr43SsoXqNuAisEf1GdCxqWcdBw==",
      "dev": true,
      "license": "Apache-2.0",
      "bin": {
        "tsc": "bin/tsc",
        "tsserver": "bin/tsserver"
      },
      "engines": {
        "node": ">=14.17"
      }
    },
    "node_modules/zod": {
      "version": "4.6.1",
      "resolved": "https://registry.npmjs.org/zod/-/zod-4.6.1.tgz",
      "integrity": "sha512-341aRWQsve0rvronKNTqZpjmzdbUDlFuzHaI/XLg/Ej82qffDJRRfBTCuv7+9q/rMjB6LSLyEBnW4InJeMtt/Q==",
      "license": "MIT",
      "funding": {
        "url": "https://github.com/sponsors/colinhacks"
      }
    }
  }
}
